// !$*UTF8*$!
{
	archiveVersion = 1;
	classes = {
	};
	objectVersion = 50;
	objects = {

/* Begin PBXBuildFile section */
		9724E9E7231D78F5001F0D40 /* AppDelegate.swift in Sources */ = {isa = PBXBuildFile; fileRef = 9724E9E6231D78F5001F0D40 /* AppDelegate.swift */; };
		9724E9E9231D78F5001F0D40 /* ViewController.swift in Sources */ = {isa = PBXBuildFile; fileRef = 9724E9E8231D78F5001F0D40 /* ViewController.swift */; };
		9724E9EC231D78F5001F0D40 /* Main.storyboard in Resources */ = {isa = PBXBuildFile; fileRef = 9724E9EA231D78F5001F0D40 /* Main.storyboard */; };
		9724E9EE231D78F6001F0D40 /* Assets.xcassets in Resources */ = {isa = PBXBuildFile; fileRef = 9724E9ED231D78F6001F0D40 /* Assets.xcassets */; };
		9724E9F1231D78F6001F0D40 /* LaunchScreen.storyboard in Resources */ = {isa = PBXBuildFile; fileRef = 9724E9EF231D78F6001F0D40 /* LaunchScreen.storyboard */; };
		F9CA04ECF849DDFFF81E1C6D /* Pods_Project16.framework in Frameworks */ = {isa = PBXBuildFile; fileRef = 2B3CE467ABAA7631468806EA /* Pods_Project16.framework */; };
/* End PBXBuildFile section */

/* Begin PBXFileReference section */
		2B3CE467ABAA7631468806EA /* Pods_Project16.framework */ = {isa = PBXFileReference; explicitFileType = wrapper.framework; includeInIndex = 0; path = Pods_Project16.framework; sourceTree = BUILT_PRODUCTS_DIR; };
		38F750EBA600039E8E037DD6 /* Pods-Project16.release.xcconfig */ = {isa = PBXFileReference; includeInIndex = 1; lastKnownFileType = text.xcconfig; name = "Pods-Project16.release.xcconfig"; path = "Target Support Files/Pods-Project16/Pods-Project16.release.xcconfig"; sourceTree = "<group>"; };
		9724E9E3231D78F5001F0D40 /* Project16.app */ = {isa = PBXFileReference; explicitFileType = wrapper.application; includeInIndex = 0; path = Project16.app; sourceTree = BUILT_PRODUCTS_DIR; };
		9724E9E6231D78F5001F0D40 /* AppDelegate.swift */ = {isa = PBXFileReference; lastKnownFileType = sourcecode.swift; path = AppDelegate.swift; sourceTree = "<group>"; };
		9724E9E8231D78F5001F0D40 /* ViewController.swift */ = {isa = PBXFileReference; lastKnownFileType = sourcecode.swift; path = ViewController.swift; sourceTree = "<group>"; };
		9724E9EB231D78F5001F0D40 /* Base */ = {isa = PBXFileReference; lastKnownFileType = file.storyboard; name = Base; path = Base.lproj/Main.storyboard; sourceTree = "<group>"; };
		9724E9ED231D78F6001F0D40 /* Assets.xcassets */ = {isa = PBXFileReference; lastKnownFileType = folder.assetcatalog; path = Assets.xcassets; sourceTree = "<group>"; };
		9724E9F0231D78F6001F0D40 /* Base */ = {isa = PBXFileReference; lastKnownFileType = file.storyboard; name = Base; path = Base.lproj/LaunchScreen.storyboard; sourceTree = "<group>"; };
		9724E9F2231D78F6001F0D40 /* Info.plist */ = {isa = PBXFileReference; lastKnownFileType = text.plist.xml; path = Info.plist; sourceTree = "<group>"; };
		9724E9FA231D90C6001F0D40 /* Project16.entitlements */ = {isa = PBXFileReference; lastKnownFileType = text.plist.entitlements; path = Project16.entitlements; sourceTree = "<group>"; };
		F29A980F62928EA246FC6F56 /* Pods-Project16.debug.xcconfig */ = {isa = PBXFileReference; includeInIndex = 1; lastKnownFileType = text.xcconfig; name = "Pods-Project16.debug.xcconfig"; path = "Target Support Files/Pods-Project16/Pods-Project16.debug.xcconfig"; sourceTree = "<group>"; };
/* End PBXFileReference section */

/* Begin PBXFrameworksBuildPhase section */
		9724E9E0231D78F5001F0D40 /* Frameworks */ = {
			isa = PBXFrameworksBuildPhase;
			buildActionMask = 2147483647;
			files = (
				F9CA04ECF849DDFFF81E1C6D /* Pods_Project16.framework in Frameworks */,
			);
			runOnlyForDeploymentPostprocessing = 0;
		};
/* End PBXFrameworksBuildPhase section */

/* Begin PBXGroup section */
		9724E9DA231D78F5001F0D40 = {
			isa = PBXGroup;
			children = (
				9724E9E5231D78F5001F0D40 /* Project16 */,
				9724E9E4231D78F5001F0D40 /* Products */,
				C1384AE057F5BF2DEF0D3E9D /* Pods */,
				C3C27CD572D6CA73513FFBF9 /* Frameworks */,
			);
			sourceTree = "<group>";
		};
		9724E9E4231D78F5001F0D40 /* Products */ = {
			isa = PBXGroup;
			children = (
				9724E9E3231D78F5001F0D40 /* Project16.app */,
			);
			name = Products;
			sourceTree = "<group>";
		};
		9724E9E5231D78F5001F0D40 /* Project16 */ = {
			isa = PBXGroup;
			children = (
				9724E9FA231D90C6001F0D40 /* Project16.entitlements */,
				9724E9E6231D78F5001F0D40 /* AppDelegate.swift */,
				9724E9E8231D78F5001F0D40 /* ViewController.swift */,
				9724E9EA231D78F5001F0D40 /* Main.storyboard */,
				9724E9ED231D78F6001F0D40 /* Assets.xcassets */,
				9724E9EF231D78F6001F0D40 /* LaunchScreen.storyboard */,
				9724E9F2231D78F6001F0D40 /* Info.plist */,
			);
			path = Project16;
			sourceTree = "<group>";
		};
		C1384AE057F5BF2DEF0D3E9D /* Pods */ = {
			isa = PBXGroup;
			children = (
				F29A980F62928EA246FC6F56 /* Pods-Project16.debug.xcconfig */,
				38F750EBA600039E8E037DD6 /* Pods-Project16.release.xcconfig */,
			);
			path = Pods;
			sourceTree = "<group>";
		};
		C3C27CD572D6CA73513FFBF9 /* Frameworks */ = {
			isa = PBXGroup;
			children = (
				2B3CE467ABAA7631468806EA /* Pods_Project16.framework */,
			);
			name = Frameworks;
			sourceTree = "<group>";
		};
/* End PBXGroup section */

/* Begin PBXNativeTarget section */
		9724E9E2231D78F5001F0D40 /* Project16 */ = {
			isa = PBXNativeTarget;
			buildConfigurationList = 9724E9F5231D78F6001F0D40 /* Build configuration list for PBXNativeTarget "Project16" */;
			buildPhases = (
				2B2ADBAE71B74158F281E5AA /* [CP] Check Pods Manifest.lock */,
				9724E9DF231D78F5001F0D40 /* Sources */,
				9724E9E0231D78F5001F0D40 /* Frameworks */,
				9724E9E1231D78F5001F0D40 /* Resources */,
				C4D9D263F04E368FC69841CB /* [CP] Embed Pods Frameworks */,
			);
			buildRules = (
			);
			dependencies = (
			);
			name = Project16;
			productName = Project16;
			productReference = 9724E9E3231D78F5001F0D40 /* Project16.app */;
			productType = "com.apple.product-type.application";
		};
/* End PBXNativeTarget section */

/* Begin PBXProject section */
		9724E9DB231D78F5001F0D40 /* Project object */ = {
			isa = PBXProject;
			attributes = {
				LastSwiftUpdateCheck = 1030;
				LastUpgradeCheck = 1030;
				ORGANIZATIONNAME = "Alexander Motarykin";
				TargetAttributes = {
					9724E9E2231D78F5001F0D40 = {
						CreatedOnToolsVersion = 10.3;
						SystemCapabilities = {
							com.apple.Keychain = {
								enabled = 0;
							};
						};
					};
				};
			};
			buildConfigurationList = 9724E9DE231D78F5001F0D40 /* Build configuration list for PBXProject "Project16" */;
			compatibilityVersion = "Xcode 9.3";
			developmentRegion = en;
			hasScannedForEncodings = 0;
			knownRegions = (
				en,
				Base,
			);
			mainGroup = 9724E9DA231D78F5001F0D40;
			productRefGroup = 9724E9E4231D78F5001F0D40 /* Products */;
			projectDirPath = "";
			projectRoot = "";
			targets = (
				9724E9E2231D78F5001F0D40 /* Project16 */,
			);
		};
/* End PBXProject section */

/* Begin PBXResourcesBuildPhase section */
		9724E9E1231D78F5001F0D40 /* Resources */ = {
			isa = PBXResourcesBuildPhase;
			buildActionMask = 2147483647;
			files = (
				9724E9F1231D78F6001F0D40 /* LaunchScreen.storyboard in Resources */,
				9724E9EE231D78F6001F0D40 /* Assets.xcassets in Resources */,
				9724E9EC231D78F5001F0D40 /* Main.storyboard in Resources */,
			);
			runOnlyForDeploymentPostprocessing = 0;
		};
/* End PBXResourcesBuildPhase section */

/* Begin PBXShellScriptBuildPhase section */
		2B2ADBAE71B74158F281E5AA /* [CP] Check Pods Manifest.lock */ = {
			isa = PBXShellScriptBuildPhase;
			buildActionMask = 2147483647;
			files = (
			);
			inputFileListPaths = (
			);
			inputPaths = (
				"${PODS_PODFILE_DIR_PATH}/Podfile.lock",
				"${PODS_ROOT}/Manifest.lock",
			);
			name = "[CP] Check Pods Manifest.lock";
			outputFileListPaths = (
			);
			outputPaths = (
				"$(DERIVED_FILE_DIR)/Pods-Project16-checkManifestLockResult.txt",
			);
			runOnlyForDeploymentPostprocessing = 0;
			shellPath = /bin/sh;
			shellScript = "diff \"${PODS_PODFILE_DIR_PATH}/Podfile.lock\" \"${PODS_ROOT}/Manifest.lock\" > /dev/null\nif [ $? != 0 ] ; then\n    # print error to STDERR\n    echo \"error: The sandbox is not in sync with the Podfile.lock. Run 'pod install' or update your CocoaPods installation.\" >&2\n    exit 1\nfi\n# This output is used by Xcode 'outputs' to avoid re-running this script phase.\necho \"SUCCESS\" > \"${SCRIPT_OUTPUT_FILE_0}\"\n";
			showEnvVarsInLog = 0;
		};
		C4D9D263F04E368FC69841CB /* [CP] Embed Pods Frameworks */ = {
			isa = PBXShellScriptBuildPhase;
			buildActionMask = 2147483647;
			files = (
			);
			inputFileListPaths = (
			);
			inputPaths = (
				"${PODS_ROOT}/Target Support Files/Pods-Project16/Pods-Project16-frameworks.sh",
				"${BUILT_PRODUCTS_DIR}/KeychainSwift/KeychainSwift.framework",
			);
			name = "[CP] Embed Pods Frameworks";
			outputFileListPaths = (
			);
			outputPaths = (
				"${TARGET_BUILD_DIR}/${FRAMEWORKS_FOLDER_PATH}/KeychainSwift.framework",
			);
			runOnlyForDeploymentPostprocessing = 0;
			shellPath = /bin/sh;
			shellScript = "\"${PODS_ROOT}/Target Support Files/Pods-Project16/Pods-Project16-frameworks.sh\"\n";
			showEnvVarsInLog = 0;
		};
/* End PBXShellScriptBuildPhase section */

/* Begin PBXSourcesBuildPhase section */
		9724E9DF231D78F5001F0D40 /* Sources */ = {
			isa = PBXSourcesBuildPhase;
			buildActionMask = 2147483647;
			files = (
				9724E9E9231D78F5001F0D40 /* ViewController.swift in Sources */,
				9724E9E7231D78F5001F0D40 /* AppDelegate.swift in Sources */,
			);
			runOnlyForDeploymentPostprocessing = 0;
		};
/* End PBXSourcesBuildPhase section */

/* Begin PBXVariantGroup section */
		9724E9EA231D78F5001F0D40 /* Main.storyboard */ = {
			isa = PBXVariantGroup;
			children = (
				9724E9EB231D78F5001F0D40 /* Base */,
			);
			name = Main.storyboard;
			sourceTree = "<group>";
		};
		9724E9EF231D78F6001F0D40 /* LaunchScreen.storyboard */ = {
			isa = PBXVariantGroup;
			children = (
				9724E9F0231D78F6001F0D40 /* Base */,
			);
			name = LaunchScreen.storyboard;
			sourceTree = "<group>";
		};
/* End PBXVariantGroup section */

/* Begin XCBuildConfiguration section */
		9724E9F3231D78F6001F0D40 /* Debug */ = {
			isa = XCBuildConfiguration;
			buildSettings = {
				ALWAYS_SEARCH_USER_PATHS = NO;
				CLANG_ANALYZER_NONNULL = YES;
				CLANG_ANALYZER_NUMBER_OBJECT_CONVERSION = YES_AGGRESSIVE;
				CLANG_CXX_LANGUAGE_STANDARD = "gnu++14";
				CLANG_CXX_LIBRARY = "libc++";
				CLANG_ENABLE_MODULES = YES;
				CLANG_ENABLE_OBJC_ARC = YES;
				CLANG_ENABLE_OBJC_WEAK = YES;
				CLANG_WARN_BLOCK_CAPTURE_AUTORELEASING = YES;
				CLANG_WARN_BOOL_CONVERSION = YES;
				CLANG_WARN_COMMA = YES;
				CLANG_WARN_CONSTANT_CONVERSION = YES;
				CLANG_WARN_DEPRECATED_OBJC_IMPLEMENTATIONS = YES;
				CLANG_WARN_DIRECT_OBJC_ISA_USAGE = YES_ERROR;
				CLANG_WARN_DOCUMENTATION_COMMENTS = YES;
				CLANG_WARN_EMPTY_BODY = YES;
				CLANG_WARN_ENUM_CONVERSION = YES;
				CLANG_WARN_INFINITE_RECURSION = YES;
				CLANG_WARN_INT_CONVERSION = YES;
				CLANG_WARN_NON_LITERAL_NULL_CONVERSION = YES;
				CLANG_WARN_OBJC_IMPLICIT_RETAIN_SELF = YES;
				CLANG_WARN_OBJC_LITERAL_CONVERSION = YES;
				CLANG_WARN_OBJC_ROOT_CLASS = YES_ERROR;
				CLANG_WARN_RANGE_LOOP_ANALYSIS = YES;
				CLANG_WARN_STRICT_PROTOTYPES = YES;
				CLANG_WARN_SUSPICIOUS_MOVE = YES;
				CLANG_WARN_UNGUARDED_AVAILABILITY = YES_AGGRESSIVE;
				CLANG_WARN_UNREACHABLE_CODE = YES;
				CLANG_WARN__DUPLICATE_METHOD_MATCH = YES;
				CODE_SIGN_IDENTITY = "iPhone Developer";
				COPY_PHASE_STRIP = NO;
				DEBUG_INFORMATION_FORMAT = dwarf;
				ENABLE_STRICT_OBJC_MSGSEND = YES;
				ENABLE_TESTABILITY = YES;
				GCC_C_LANGUAGE_STANDARD = gnu11;
				GCC_DYNAMIC_NO_PIC = NO;
				GCC_NO_COMMON_BLOCKS = YES;
				GCC_OPTIMIZATION_LEVEL = 0;
				GCC_PREPROCESSOR_DEFINITIONS = (
					"DEBUG=1",
					"$(inherited)",
				);
				GCC_WARN_64_TO_32_BIT_CONVERSION = YES;
				GCC_WARN_ABOUT_RETURN_TYPE = YES_ERROR;
				GCC_WARN_UNDECLARED_SELECTOR = YES;
				GCC_WARN_UNINITIALIZED_AUTOS = YES_AGGRESSIVE;
				GCC_WARN_UNUSED_FUNCTION = YES;
				GCC_WARN_UNUSED_VARIABLE = YES;
				IPHONEOS_DEPLOYMENT_TARGET = 12.4;
				MTL_ENABLE_DEBUG_INFO = INCLUDE_SOURCE;
				MTL_FAST_MATH = YES;
				ONLY_ACTIVE_ARCH = YES;
				SDKROOT = iphoneos;
				SWIFT_ACTIVE_COMPILATION_CONDITIONS = DEBUG;
				SWIFT_OPTIMIZATION_LEVEL = "-Onone";
			};
			name = Debug;
		};
		9724E9F4231D78F6001F0D40 /* Release */ = {
			isa = XCBuildConfiguration;
			buildSettings = {
				ALWAYS_SEARCH_USER_PATHS = NO;
				CLANG_ANALYZER_NONNULL = YES;
				CLANG_ANALYZER_NUMBER_OBJECT_CONVERSION = YES_AGGRESSIVE;
				CLANG_CXX_LANGUAGE_STANDARD = "gnu++14";
				CLANG_CXX_LIBRARY = "libc++";
				CLANG_ENABLE_MODULES = YES;
				CLANG_ENABLE_OBJC_ARC = YES;
				CLANG_ENABLE_OBJC_WEAK = YES;
				CLANG_WARN_BLOCK_CAPTURE_AUTORELEASING = YES;
				CLANG_WARN_BOOL_CONVERSION = YES;
				CLANG_WARN_COMMA = YES;
				CLANG_WARN_CONSTANT_CONVERSION = YES;
				CLANG_WARN_DEPRECATED_OBJC_IMPLEMENTATIONS = YES;
				CLANG_WARN_DIRECT_OBJC_ISA_USAGE = YES_ERROR;
				CLANG_WARN_DOCUMENTATION_COMMENTS = YES;
				CLANG_WARN_EMPTY_BODY = YES;
				CLANG_WARN_ENUM_CONVERSION = YES;
				CLANG_WARN_INFINITE_RECURSION = YES;
				CLANG_WARN_INT_CONVERSION = YES;
				CLANG_WARN_NON_LITERAL_NULL_CONVERSION = YES;
				CLANG_WARN_OBJC_IMPLICIT_RETAIN_SELF = YES;
				CLANG_WARN_OBJC_LITERAL_CONVERSION = YES;
				CLANG_WARN_OBJC_ROOT_CLASS = YES_ERROR;
				CLANG_WARN_RANGE_LOOP_ANALYSIS = YES;
				CLANG_WARN_STRICT_PROTOTYPES = YES;
				CLANG_WARN_SUSPICIOUS_MOVE = YES;
				CLANG_WARN_UNGUARDED_AVAILABILITY = YES_AGGRESSIVE;
				CLANG_WARN_UNREACHABLE_CODE = YES;
				CLANG_WARN__DUPLICATE_METHOD_MATCH = YES;
				CODE_SIGN_IDENTITY = "iPhone Developer";
				COPY_PHASE_STRIP = NO;
				DEBUG_INFORMATION_FORMAT = "dwarf-with-dsym";
				ENABLE_NS_ASSERTIONS = NO;
				ENABLE_STRICT_OBJC_MSGSEND = YES;
				GCC_C_LANGUAGE_STANDARD = gnu11;
				GCC_NO_COMMON_BLOCKS = YES;
				GCC_WARN_64_TO_32_BIT_CONVERSION = YES;
				GCC_WARN_ABOUT_RETURN_TYPE = YES_ERROR;
				GCC_WARN_UNDECLARED_SELECTOR = YES;
				GCC_WARN_UNINITIALIZED_AUTOS = YES_AGGRESSIVE;
				GCC_WARN_UNUSED_FUNCTION = YES;
				GCC_WARN_UNUSED_VARIABLE = YES;
				IPHONEOS_DEPLOYMENT_TARGET = 12.4;
				MTL_ENABLE_DEBUG_INFO = NO;
				MTL_FAST_MATH = YES;
				SDKROOT = iphoneos;
				SWIFT_COMPILATION_MODE = wholemodule;
				SWIFT_OPTIMIZATION_LEVEL = "-O";
				VALIDATE_PRODUCT = YES;
			};
			name = Release;
		};
		9724E9F6231D78F6001F0D40 /* Debug */ = {
			isa = XCBuildConfiguration;
			baseConfigurationReference = F29A980F62928EA246FC6F56 /* Pods-Project16.debug.xcconfig */;
			buildSettings = {
				ASSETCATALOG_COMPILER_APPICON_NAME = AppIcon;
				CODE_SIGN_STYLE = Automatic;
				DEVELOPMENT_TEAM = Y29SR7454Y;
				INFOPLIST_FILE = Project16/Info.plist;
				LD_RUNPATH_SEARCH_PATHS = (
					"$(inherited)",
					"@executable_path/Frameworks",
				);
				PRODUCT_BUNDLE_IDENTIFIER = com.amo.Project16;
				PRODUCT_NAME = "$(TARGET_NAME)";
				SWIFT_VERSION = 5.0;
				TARGETED_DEVICE_FAMILY = "1,2";
			};
			name = Debug;
		};
		9724E9F7231D78F6001F0D40 /* Release */ = {
			isa = XCBuildConfiguration;
			baseConfigurationReference = 38F750EBA600039E8E037DD6 /* Pods-Project16.release.xcconfig */;
			buildSettings = {
				ASSETCATALOG_COMPILER_APPICON_NAME = AppIcon;
				CODE_SIGN_STYLE = Automatic;
				DEVELOPMENT_TEAM = Y29SR7454Y;
				INFOPLIST_FILE = Project16/Info.plist;
				LD_RUNPATH_SEARCH_PATHS = (
					"$(inherited)",
					"@executable_path/Frameworks",
				);
				PRODUCT_BUNDLE_IDENTIFIER = com.amo.Project16;
				PRODUCT_NAME = "$(TARGET_NAME)";
				SWIFT_VERSION = 5.0;
				TARGETED_DEVICE_FAMILY = "1,2";
			};
			name = Release;
		};
/* End XCBuildConfiguration section */

/* Begin XCConfigurationList section */
		9724E9DE231D78F5001F0D40 /* Build configuration list for PBXProject "Project16" */ = {
			isa = XCConfigurationList;
			buildConfigurations = (
				9724E9F3231D78F6001F0D40 /* Debug */,
				9724E9F4231D78F6001F0D40 /* Release */,
			);
			defaultConfigurationIsVisible = 0;
			defaultConfigurationName = Release;
		};
		9724E9F5231D78F6001F0D40 /* Build configuration list for PBXNativeTarget "Project16" */ = {
			isa = XCConfigurationList;
			buildConfigurations = (
				9724E9F6231D78F6001F0D40 /* Debug */,
				9724E9F7231D78F6001F0D40 /* Release */,
			);
			defaultConfigurationIsVisible = 0;
			defaultConfigurationName = Release;
		};
/* End XCConfigurationList section */
	};
	rootObject = 9724E9DB231D78F5001F0D40 /* Project object */;
}
