// !$*UTF8*$!
{
	archiveVersion = 1;
	classes = {
	};
	objectVersion = 50;
	objects = {

/* Begin PBXBuildFile section */
		9735CCC32342759700037FEF /* MapKit.framework in Frameworks */ = {isa = PBXBuildFile; fileRef = 9735CCC22342759700037FEF /* MapKit.framework */; };
		97F0E2D023425FDE00276A9C /* AppDelegate.swift in Sources */ = {isa = PBXBuildFile; fileRef = 97F0E2CF23425FDE00276A9C /* AppDelegate.swift */; };
		97F0E2D223425FDE00276A9C /* SceneDelegate.swift in Sources */ = {isa = PBXBuildFile; fileRef = 97F0E2D123425FDE00276A9C /* SceneDelegate.swift */; };
		97F0E2D423425FDE00276A9C /* MapViewController.swift in Sources */ = {isa = PBXBuildFile; fileRef = 97F0E2D323425FDE00276A9C /* MapViewController.swift */; };
		97F0E2D723425FDE00276A9C /* Main.storyboard in Resources */ = {isa = PBXBuildFile; fileRef = 97F0E2D523425FDE00276A9C /* Main.storyboard */; };
		97F0E2D923425FE000276A9C /* Assets.xcassets in Resources */ = {isa = PBXBuildFile; fileRef = 97F0E2D823425FE000276A9C /* Assets.xcassets */; };
		97F0E2DC23425FE000276A9C /* LaunchScreen.storyboard in Resources */ = {isa = PBXBuildFile; fileRef = 97F0E2DA23425FE000276A9C /* LaunchScreen.storyboard */; };
		97F5AABD23426CF200120B35 /* ResultViewController.swift in Sources */ = {isa = PBXBuildFile; fileRef = 97F5AABC23426CF200120B35 /* ResultViewController.swift */; };
/* End PBXBuildFile section */

/* Begin PBXFileReference section */
		9735CCC22342759700037FEF /* MapKit.framework */ = {isa = PBXFileReference; lastKnownFileType = wrapper.framework; name = MapKit.framework; path = System/Library/Frameworks/MapKit.framework; sourceTree = SDKROOT; };
		97F0E2CC23425FDE00276A9C /* Project24.app */ = {isa = PBXFileReference; explicitFileType = wrapper.application; includeInIndex = 0; path = Project24.app; sourceTree = BUILT_PRODUCTS_DIR; };
		97F0E2CF23425FDE00276A9C /* AppDelegate.swift */ = {isa = PBXFileReference; lastKnownFileType = sourcecode.swift; path = AppDelegate.swift; sourceTree = "<group>"; };
		97F0E2D123425FDE00276A9C /* SceneDelegate.swift */ = {isa = PBXFileReference; lastKnownFileType = sourcecode.swift; path = SceneDelegate.swift; sourceTree = "<group>"; };
		97F0E2D323425FDE00276A9C /* MapViewController.swift */ = {isa = PBXFileReference; lastKnownFileType = sourcecode.swift; path = MapViewController.swift; sourceTree = "<group>"; };
		97F0E2D623425FDE00276A9C /* Base */ = {isa = PBXFileReference; lastKnownFileType = file.storyboard; name = Base; path = Base.lproj/Main.storyboard; sourceTree = "<group>"; };
		97F0E2D823425FE000276A9C /* Assets.xcassets */ = {isa = PBXFileReference; lastKnownFileType = folder.assetcatalog; path = Assets.xcassets; sourceTree = "<group>"; };
		97F0E2DB23425FE000276A9C /* Base */ = {isa = PBXFileReference; lastKnownFileType = file.storyboard; name = Base; path = Base.lproj/LaunchScreen.storyboard; sourceTree = "<group>"; };
		97F0E2DD23425FE000276A9C /* Info.plist */ = {isa = PBXFileReference; lastKnownFileType = text.plist.xml; path = Info.plist; sourceTree = "<group>"; };
		97F5AABC23426CF200120B35 /* ResultViewController.swift */ = {isa = PBXFileReference; lastKnownFileType = sourcecode.swift; path = ResultViewController.swift; sourceTree = "<group>"; };
/* End PBXFileReference section */

/* Begin PBXFrameworksBuildPhase section */
		97F0E2C923425FDE00276A9C /* Frameworks */ = {
			isa = PBXFrameworksBuildPhase;
			buildActionMask = 2147483647;
			files = (
				9735CCC32342759700037FEF /* MapKit.framework in Frameworks */,
			);
			runOnlyForDeploymentPostprocessing = 0;
		};
/* End PBXFrameworksBuildPhase section */

/* Begin PBXGroup section */
		9735CCC12342759700037FEF /* Frameworks */ = {
			isa = PBXGroup;
			children = (
				9735CCC22342759700037FEF /* MapKit.framework */,
			);
			name = Frameworks;
			sourceTree = "<group>";
		};
		97F0E2C323425FDE00276A9C = {
			isa = PBXGroup;
			children = (
				97F0E2CE23425FDE00276A9C /* Project24 */,
				97F0E2CD23425FDE00276A9C /* Products */,
				9735CCC12342759700037FEF /* Frameworks */,
			);
			sourceTree = "<group>";
		};
		97F0E2CD23425FDE00276A9C /* Products */ = {
			isa = PBXGroup;
			children = (
				97F0E2CC23425FDE00276A9C /* Project24.app */,
			);
			name = Products;
			sourceTree = "<group>";
		};
		97F0E2CE23425FDE00276A9C /* Project24 */ = {
			isa = PBXGroup;
			children = (
				97F0E2CF23425FDE00276A9C /* AppDelegate.swift */,
				97F0E2D123425FDE00276A9C /* SceneDelegate.swift */,
				97F0E2D323425FDE00276A9C /* MapViewController.swift */,
				97F0E2D523425FDE00276A9C /* Main.storyboard */,
				97F0E2D823425FE000276A9C /* Assets.xcassets */,
				97F0E2DA23425FE000276A9C /* LaunchScreen.storyboard */,
				97F0E2DD23425FE000276A9C /* Info.plist */,
				97F5AABC23426CF200120B35 /* ResultViewController.swift */,
			);
			path = Project24;
			sourceTree = "<group>";
		};
/* End PBXGroup section */

/* Begin PBXNativeTarget section */
		97F0E2CB23425FDE00276A9C /* Project24 */ = {
			isa = PBXNativeTarget;
			buildConfigurationList = 97F0E2E023425FE000276A9C /* Build configuration list for PBXNativeTarget "Project24" */;
			buildPhases = (
				97F0E2C823425FDE00276A9C /* Sources */,
				97F0E2C923425FDE00276A9C /* Frameworks */,
				97F0E2CA23425FDE00276A9C /* Resources */,
			);
			buildRules = (
			);
			dependencies = (
			);
			name = Project24;
			productName = Project24;
			productReference = 97F0E2CC23425FDE00276A9C /* Project24.app */;
			productType = "com.apple.product-type.application";
		};
/* End PBXNativeTarget section */

/* Begin PBXProject section */
		97F0E2C423425FDE00276A9C /* Project object */ = {
			isa = PBXProject;
			attributes = {
				LastSwiftUpdateCheck = 1100;
				LastUpgradeCheck = 1100;
				ORGANIZATIONNAME = "Alexander Motarykin";
				TargetAttributes = {
					97F0E2CB23425FDE00276A9C = {
						CreatedOnToolsVersion = 11.0;
					};
				};
			};
			buildConfigurationList = 97F0E2C723425FDE00276A9C /* Build configuration list for PBXProject "Project24" */;
			compatibilityVersion = "Xcode 9.3";
			developmentRegion = en;
			hasScannedForEncodings = 0;
			knownRegions = (
				en,
				Base,
			);
			mainGroup = 97F0E2C323425FDE00276A9C;
			productRefGroup = 97F0E2CD23425FDE00276A9C /* Products */;
			projectDirPath = "";
			projectRoot = "";
			targets = (
				97F0E2CB23425FDE00276A9C /* Project24 */,
			);
		};
/* End PBXProject section */

/* Begin PBXResourcesBuildPhase section */
		97F0E2CA23425FDE00276A9C /* Resources */ = {
			isa = PBXResourcesBuildPhase;
			buildActionMask = 2147483647;
			files = (
				97F0E2DC23425FE000276A9C /* LaunchScreen.storyboard in Resources */,
				97F0E2D923425FE000276A9C /* Assets.xcassets in Resources */,
				97F0E2D723425FDE00276A9C /* Main.storyboard in Resources */,
			);
			runOnlyForDeploymentPostprocessing = 0;
		};
/* End PBXResourcesBuildPhase section */

/* Begin PBXSourcesBuildPhase section */
		97F0E2C823425FDE00276A9C /* Sources */ = {
			isa = PBXSourcesBuildPhase;
			buildActionMask = 2147483647;
			files = (
				97F0E2D423425FDE00276A9C /* MapViewController.swift in Sources */,
				97F0E2D023425FDE00276A9C /* AppDelegate.swift in Sources */,
				97F0E2D223425FDE00276A9C /* SceneDelegate.swift in Sources */,
				97F5AABD23426CF200120B35 /* ResultViewController.swift in Sources */,
			);
			runOnlyForDeploymentPostprocessing = 0;
		};
/* End PBXSourcesBuildPhase section */

/* Begin PBXVariantGroup section */
		97F0E2D523425FDE00276A9C /* Main.storyboard */ = {
			isa = PBXVariantGroup;
			children = (
				97F0E2D623425FDE00276A9C /* Base */,
			);
			name = Main.storyboard;
			sourceTree = "<group>";
		};
		97F0E2DA23425FE000276A9C /* LaunchScreen.storyboard */ = {
			isa = PBXVariantGroup;
			children = (
				97F0E2DB23425FE000276A9C /* Base */,
			);
			name = LaunchScreen.storyboard;
			sourceTree = "<group>";
		};
/* End PBXVariantGroup section */

/* Begin XCBuildConfiguration section */
		97F0E2DE23425FE000276A9C /* Debug */ = {
			isa = XCBuildConfiguration;
			buildSettings = {
				ALWAYS_SEARCH_USER_PATHS = NO;
				CLANG_ANALYZER_NONNULL = YES;
				CLANG_ANALYZER_NUMBER_OBJECT_CONVERSION = YES_AGGRESSIVE;
				CLANG_CXX_LANGUAGE_STANDARD = "gnu++14";
				CLANG_CXX_LIBRARY = "libc++";
				CLANG_ENABLE_MODULES = YES;
				CLANG_ENABLE_OBJC_ARC = YES;
				CLANG_ENABLE_OBJC_WEAK = YES;
				CLANG_WARN_BLOCK_CAPTURE_AUTORELEASING = YES;
				CLANG_WARN_BOOL_CONVERSION = YES;
				CLANG_WARN_COMMA = YES;
				CLANG_WARN_CONSTANT_CONVERSION = YES;
				CLANG_WARN_DEPRECATED_OBJC_IMPLEMENTATIONS = YES;
				CLANG_WARN_DIRECT_OBJC_ISA_USAGE = YES_ERROR;
				CLANG_WARN_DOCUMENTATION_COMMENTS = YES;
				CLANG_WARN_EMPTY_BODY = YES;
				CLANG_WARN_ENUM_CONVERSION = YES;
				CLANG_WARN_INFINITE_RECURSION = YES;
				CLANG_WARN_INT_CONVERSION = YES;
				CLANG_WARN_NON_LITERAL_NULL_CONVERSION = YES;
				CLANG_WARN_OBJC_IMPLICIT_RETAIN_SELF = YES;
				CLANG_WARN_OBJC_LITERAL_CONVERSION = YES;
				CLANG_WARN_OBJC_ROOT_CLASS = YES_ERROR;
				CLANG_WARN_RANGE_LOOP_ANALYSIS = YES;
				CLANG_WARN_STRICT_PROTOTYPES = YES;
				CLANG_WARN_SUSPICIOUS_MOVE = YES;
				CLANG_WARN_UNGUARDED_AVAILABILITY = YES_AGGRESSIVE;
				CLANG_WARN_UNREACHABLE_CODE = YES;
				CLANG_WARN__DUPLICATE_METHOD_MATCH = YES;
				COPY_PHASE_STRIP = NO;
				DEBUG_INFORMATION_FORMAT = dwarf;
				ENABLE_STRICT_OBJC_MSGSEND = YES;
				ENABLE_TESTABILITY = YES;
				GCC_C_LANGUAGE_STANDARD = gnu11;
				GCC_DYNAMIC_NO_PIC = NO;
				GCC_NO_COMMON_BLOCKS = YES;
				GCC_OPTIMIZATION_LEVEL = 0;
				GCC_PREPROCESSOR_DEFINITIONS = (
					"DEBUG=1",
					"$(inherited)",
				);
				GCC_WARN_64_TO_32_BIT_CONVERSION = YES;
				GCC_WARN_ABOUT_RETURN_TYPE = YES_ERROR;
				GCC_WARN_UNDECLARED_SELECTOR = YES;
				GCC_WARN_UNINITIALIZED_AUTOS = YES_AGGRESSIVE;
				GCC_WARN_UNUSED_FUNCTION = YES;
				GCC_WARN_UNUSED_VARIABLE = YES;
				IPHONEOS_DEPLOYMENT_TARGET = 13.0;
				MTL_ENABLE_DEBUG_INFO = INCLUDE_SOURCE;
				MTL_FAST_MATH = YES;
				ONLY_ACTIVE_ARCH = YES;
				SDKROOT = iphoneos;
				SWIFT_ACTIVE_COMPILATION_CONDITIONS = DEBUG;
				SWIFT_OPTIMIZATION_LEVEL = "-Onone";
			};
			name = Debug;
		};
		97F0E2DF23425FE000276A9C /* Release */ = {
			isa = XCBuildConfiguration;
			buildSettings = {
				ALWAYS_SEARCH_USER_PATHS = NO;
				CLANG_ANALYZER_NONNULL = YES;
				CLANG_ANALYZER_NUMBER_OBJECT_CONVERSION = YES_AGGRESSIVE;
				CLANG_CXX_LANGUAGE_STANDARD = "gnu++14";
				CLANG_CXX_LIBRARY = "libc++";
				CLANG_ENABLE_MODULES = YES;
				CLANG_ENABLE_OBJC_ARC = YES;
				CLANG_ENABLE_OBJC_WEAK = YES;
				CLANG_WARN_BLOCK_CAPTURE_AUTORELEASING = YES;
				CLANG_WARN_BOOL_CONVERSION = YES;
				CLANG_WARN_COMMA = YES;
				CLANG_WARN_CONSTANT_CONVERSION = YES;
				CLANG_WARN_DEPRECATED_OBJC_IMPLEMENTATIONS = YES;
				CLANG_WARN_DIRECT_OBJC_ISA_USAGE = YES_ERROR;
				CLANG_WARN_DOCUMENTATION_COMMENTS = YES;
				CLANG_WARN_EMPTY_BODY = YES;
				CLANG_WARN_ENUM_CONVERSION = YES;
				CLANG_WARN_INFINITE_RECURSION = YES;
				CLANG_WARN_INT_CONVERSION = YES;
				CLANG_WARN_NON_LITERAL_NULL_CONVERSION = YES;
				CLANG_WARN_OBJC_IMPLICIT_RETAIN_SELF = YES;
				CLANG_WARN_OBJC_LITERAL_CONVERSION = YES;
				CLANG_WARN_OBJC_ROOT_CLASS = YES_ERROR;
				CLANG_WARN_RANGE_LOOP_ANALYSIS = YES;
				CLANG_WARN_STRICT_PROTOTYPES = YES;
				CLANG_WARN_SUSPICIOUS_MOVE = YES;
				CLANG_WARN_UNGUARDED_AVAILABILITY = YES_AGGRESSIVE;
				CLANG_WARN_UNREACHABLE_CODE = YES;
				CLANG_WARN__DUPLICATE_METHOD_MATCH = YES;
				COPY_PHASE_STRIP = NO;
				DEBUG_INFORMATION_FORMAT = "dwarf-with-dsym";
				ENABLE_NS_ASSERTIONS = NO;
				ENABLE_STRICT_OBJC_MSGSEND = YES;
				GCC_C_LANGUAGE_STANDARD = gnu11;
				GCC_NO_COMMON_BLOCKS = YES;
				GCC_WARN_64_TO_32_BIT_CONVERSION = YES;
				GCC_WARN_ABOUT_RETURN_TYPE = YES_ERROR;
				GCC_WARN_UNDECLARED_SELECTOR = YES;
				GCC_WARN_UNINITIALIZED_AUTOS = YES_AGGRESSIVE;
				GCC_WARN_UNUSED_FUNCTION = YES;
				GCC_WARN_UNUSED_VARIABLE = YES;
				IPHONEOS_DEPLOYMENT_TARGET = 13.0;
				MTL_ENABLE_DEBUG_INFO = NO;
				MTL_FAST_MATH = YES;
				SDKROOT = iphoneos;
				SWIFT_COMPILATION_MODE = wholemodule;
				SWIFT_OPTIMIZATION_LEVEL = "-O";
				VALIDATE_PRODUCT = YES;
			};
			name = Release;
		};
		97F0E2E123425FE000276A9C /* Debug */ = {
			isa = XCBuildConfiguration;
			buildSettings = {
				ASSETCATALOG_COMPILER_APPICON_NAME = AppIcon;
				CODE_SIGN_STYLE = Automatic;
				DEVELOPMENT_TEAM = 2FA6387WHP;
				INFOPLIST_FILE = Project24/Info.plist;
				LD_RUNPATH_SEARCH_PATHS = (
					"$(inherited)",
					"@executable_path/Frameworks",
				);
				PRODUCT_BUNDLE_IDENTIFIER = com.amo.Project24;
				PRODUCT_NAME = "$(TARGET_NAME)";
				SWIFT_VERSION = 5.0;
				TARGETED_DEVICE_FAMILY = "1,2";
			};
			name = Debug;
		};
		97F0E2E223425FE000276A9C /* Release */ = {
			isa = XCBuildConfiguration;
			buildSettings = {
				ASSETCATALOG_COMPILER_APPICON_NAME = AppIcon;
				CODE_SIGN_STYLE = Automatic;
				DEVELOPMENT_TEAM = 2FA6387WHP;
				INFOPLIST_FILE = Project24/Info.plist;
				LD_RUNPATH_SEARCH_PATHS = (
					"$(inherited)",
					"@executable_path/Frameworks",
				);
				PRODUCT_BUNDLE_IDENTIFIER = com.amo.Project24;
				PRODUCT_NAME = "$(TARGET_NAME)";
				SWIFT_VERSION = 5.0;
				TARGETED_DEVICE_FAMILY = "1,2";
			};
			name = Release;
		};
/* End XCBuildConfiguration section */

/* Begin XCConfigurationList section */
		97F0E2C723425FDE00276A9C /* Build configuration list for PBXProject "Project24" */ = {
			isa = XCConfigurationList;
			buildConfigurations = (
				97F0E2DE23425FE000276A9C /* Debug */,
				97F0E2DF23425FE000276A9C /* Release */,
			);
			defaultConfigurationIsVisible = 0;
			defaultConfigurationName = Release;
		};
		97F0E2E023425FE000276A9C /* Build configuration list for PBXNativeTarget "Project24" */ = {
			isa = XCConfigurationList;
			buildConfigurations = (
				97F0E2E123425FE000276A9C /* Debug */,
				97F0E2E223425FE000276A9C /* Release */,
			);
			defaultConfigurationIsVisible = 0;
			defaultConfigurationName = Release;
		};
/* End XCConfigurationList section */
	};
	rootObject = 97F0E2C423425FDE00276A9C /* Project object */;
}
