// !$*UTF8*$!
{
	archiveVersion = 1;
	classes = {
	};
	objectVersion = 50;
	objects = {

/* Begin PBXBuildFile section */
		976CC36D2326AFCA00133A8C /* AppDelegate.swift in Sources */ = {isa = PBXBuildFile; fileRef = 976CC36C2326AFCA00133A8C /* AppDelegate.swift */; };
		976CC3722326AFCA00133A8C /* Main.storyboard in Resources */ = {isa = PBXBuildFile; fileRef = 976CC3702326AFCA00133A8C /* Main.storyboard */; };
		976CC3742326AFCB00133A8C /* Assets.xcassets in Resources */ = {isa = PBXBuildFile; fileRef = 976CC3732326AFCB00133A8C /* Assets.xcassets */; };
		976CC3772326AFCB00133A8C /* LaunchScreen.storyboard in Resources */ = {isa = PBXBuildFile; fileRef = 976CC3752326AFCB00133A8C /* LaunchScreen.storyboard */; };
		976CC37F2326B4AC00133A8C /* User.swift in Sources */ = {isa = PBXBuildFile; fileRef = 976CC37E2326B4AC00133A8C /* User.swift */; };
		976CC3822326BC3000133A8C /* TasksTableViewController.swift in Sources */ = {isa = PBXBuildFile; fileRef = 976CC3812326BC3000133A8C /* TasksTableViewController.swift */; };
		976CC3862326BC8900133A8C /* Task.swift in Sources */ = {isa = PBXBuildFile; fileRef = 976CC3852326BC8900133A8C /* Task.swift */; };
		E167DEE172263E457DC3DEE0 /* Pods_Project18.framework in Frameworks */ = {isa = PBXBuildFile; fileRef = B14139A36130765217A6AFDB /* Pods_Project18.framework */; };
/* End PBXBuildFile section */

/* Begin PBXFileReference section */
		318621E2F17B0EB0DAA1E95B /* Pods-Project18.release.xcconfig */ = {isa = PBXFileReference; includeInIndex = 1; lastKnownFileType = text.xcconfig; name = "Pods-Project18.release.xcconfig"; path = "Target Support Files/Pods-Project18/Pods-Project18.release.xcconfig"; sourceTree = "<group>"; };
		765FBB17056781230F54CEBF /* Pods-Project18.debug.xcconfig */ = {isa = PBXFileReference; includeInIndex = 1; lastKnownFileType = text.xcconfig; name = "Pods-Project18.debug.xcconfig"; path = "Target Support Files/Pods-Project18/Pods-Project18.debug.xcconfig"; sourceTree = "<group>"; };
		976CC3692326AFCA00133A8C /* Project18.app */ = {isa = PBXFileReference; explicitFileType = wrapper.application; includeInIndex = 0; path = Project18.app; sourceTree = BUILT_PRODUCTS_DIR; };
		976CC36C2326AFCA00133A8C /* AppDelegate.swift */ = {isa = PBXFileReference; lastKnownFileType = sourcecode.swift; path = AppDelegate.swift; sourceTree = "<group>"; };
		976CC3712326AFCA00133A8C /* Base */ = {isa = PBXFileReference; lastKnownFileType = file.storyboard; name = Base; path = Base.lproj/Main.storyboard; sourceTree = "<group>"; };
		976CC3732326AFCB00133A8C /* Assets.xcassets */ = {isa = PBXFileReference; lastKnownFileType = folder.assetcatalog; path = Assets.xcassets; sourceTree = "<group>"; };
		976CC3762326AFCB00133A8C /* Base */ = {isa = PBXFileReference; lastKnownFileType = file.storyboard; name = Base; path = Base.lproj/LaunchScreen.storyboard; sourceTree = "<group>"; };
		976CC3782326AFCB00133A8C /* Info.plist */ = {isa = PBXFileReference; lastKnownFileType = text.plist.xml; path = Info.plist; sourceTree = "<group>"; };
		976CC37E2326B4AC00133A8C /* User.swift */ = {isa = PBXFileReference; lastKnownFileType = sourcecode.swift; path = User.swift; sourceTree = "<group>"; };
		976CC3812326BC3000133A8C /* TasksTableViewController.swift */ = {isa = PBXFileReference; lastKnownFileType = sourcecode.swift; path = TasksTableViewController.swift; sourceTree = "<group>"; };
		976CC3852326BC8900133A8C /* Task.swift */ = {isa = PBXFileReference; lastKnownFileType = sourcecode.swift; path = Task.swift; sourceTree = "<group>"; };
		B14139A36130765217A6AFDB /* Pods_Project18.framework */ = {isa = PBXFileReference; explicitFileType = wrapper.framework; includeInIndex = 0; path = Pods_Project18.framework; sourceTree = BUILT_PRODUCTS_DIR; };
/* End PBXFileReference section */

/* Begin PBXFrameworksBuildPhase section */
		976CC3662326AFCA00133A8C /* Frameworks */ = {
			isa = PBXFrameworksBuildPhase;
			buildActionMask = 2147483647;
			files = (
				E167DEE172263E457DC3DEE0 /* Pods_Project18.framework in Frameworks */,
			);
			runOnlyForDeploymentPostprocessing = 0;
		};
/* End PBXFrameworksBuildPhase section */

/* Begin PBXGroup section */
		7403723B8CA569871629A0F7 /* Pods */ = {
			isa = PBXGroup;
			children = (
				765FBB17056781230F54CEBF /* Pods-Project18.debug.xcconfig */,
				318621E2F17B0EB0DAA1E95B /* Pods-Project18.release.xcconfig */,
			);
			path = Pods;
			sourceTree = "<group>";
		};
		976CC3602326AFCA00133A8C = {
			isa = PBXGroup;
			children = (
				976CC36B2326AFCA00133A8C /* Project18 */,
				976CC36A2326AFCA00133A8C /* Products */,
				7403723B8CA569871629A0F7 /* Pods */,
				E096CDA64141387F4C10E899 /* Frameworks */,
			);
			sourceTree = "<group>";
		};
		976CC36A2326AFCA00133A8C /* Products */ = {
			isa = PBXGroup;
			children = (
				976CC3692326AFCA00133A8C /* Project18.app */,
			);
			name = Products;
			sourceTree = "<group>";
		};
		976CC36B2326AFCA00133A8C /* Project18 */ = {
			isa = PBXGroup;
			children = (
				976CC3802326B4B000133A8C /* model */,
				976CC36C2326AFCA00133A8C /* AppDelegate.swift */,
				976CC3702326AFCA00133A8C /* Main.storyboard */,
				976CC3732326AFCB00133A8C /* Assets.xcassets */,
				976CC3752326AFCB00133A8C /* LaunchScreen.storyboard */,
				976CC3782326AFCB00133A8C /* Info.plist */,
				976CC3812326BC3000133A8C /* TasksTableViewController.swift */,
			);
			path = Project18;
			sourceTree = "<group>";
		};
		976CC3802326B4B000133A8C /* model */ = {
			isa = PBXGroup;
			children = (
				976CC37E2326B4AC00133A8C /* User.swift */,
				976CC3852326BC8900133A8C /* Task.swift */,
			);
			path = model;
			sourceTree = "<group>";
		};
		E096CDA64141387F4C10E899 /* Frameworks */ = {
			isa = PBXGroup;
			children = (
				B14139A36130765217A6AFDB /* Pods_Project18.framework */,
			);
			name = Frameworks;
			sourceTree = "<group>";
		};
/* End PBXGroup section */

/* Begin PBXNativeTarget section */
		976CC3682326AFCA00133A8C /* Project18 */ = {
			isa = PBXNativeTarget;
			buildConfigurationList = 976CC37B2326AFCB00133A8C /* Build configuration list for PBXNativeTarget "Project18" */;
			buildPhases = (
				59780B97A744C10D0D7FE03E /* [CP] Check Pods Manifest.lock */,
				976CC3652326AFCA00133A8C /* Sources */,
				976CC3662326AFCA00133A8C /* Frameworks */,
				976CC3672326AFCA00133A8C /* Resources */,
				11EA916BB59D219B9E453AA2 /* [CP] Embed Pods Frameworks */,
			);
			buildRules = (
			);
			dependencies = (
			);
			name = Project18;
			productName = Project18;
			productReference = 976CC3692326AFCA00133A8C /* Project18.app */;
			productType = "com.apple.product-type.application";
		};
/* End PBXNativeTarget section */

/* Begin PBXProject section */
		976CC3612326AFCA00133A8C /* Project object */ = {
			isa = PBXProject;
			attributes = {
				LastSwiftUpdateCheck = 1030;
				LastUpgradeCheck = 1030;
				ORGANIZATIONNAME = "Alexander Motarykin";
				TargetAttributes = {
					976CC3682326AFCA00133A8C = {
						CreatedOnToolsVersion = 10.3;
					};
				};
			};
			buildConfigurationList = 976CC3642326AFCA00133A8C /* Build configuration list for PBXProject "Project18" */;
			compatibilityVersion = "Xcode 9.3";
			developmentRegion = en;
			hasScannedForEncodings = 0;
			knownRegions = (
				en,
				Base,
			);
			mainGroup = 976CC3602326AFCA00133A8C;
			productRefGroup = 976CC36A2326AFCA00133A8C /* Products */;
			projectDirPath = "";
			projectRoot = "";
			targets = (
				976CC3682326AFCA00133A8C /* Project18 */,
			);
		};
/* End PBXProject section */

/* Begin PBXResourcesBuildPhase section */
		976CC3672326AFCA00133A8C /* Resources */ = {
			isa = PBXResourcesBuildPhase;
			buildActionMask = 2147483647;
			files = (
				976CC3772326AFCB00133A8C /* LaunchScreen.storyboard in Resources */,
				976CC3742326AFCB00133A8C /* Assets.xcassets in Resources */,
				976CC3722326AFCA00133A8C /* Main.storyboard in Resources */,
			);
			runOnlyForDeploymentPostprocessing = 0;
		};
/* End PBXResourcesBuildPhase section */

/* Begin PBXShellScriptBuildPhase section */
		11EA916BB59D219B9E453AA2 /* [CP] Embed Pods Frameworks */ = {
			isa = PBXShellScriptBuildPhase;
			buildActionMask = 2147483647;
			files = (
			);
			inputFileListPaths = (
			);
			inputPaths = (
				"${PODS_ROOT}/Target Support Files/Pods-Project18/Pods-Project18-frameworks.sh",
				"${BUILT_PRODUCTS_DIR}/Realm/Realm.framework",
				"${BUILT_PRODUCTS_DIR}/RealmSwift/RealmSwift.framework",
			);
			name = "[CP] Embed Pods Frameworks";
			outputFileListPaths = (
			);
			outputPaths = (
				"${TARGET_BUILD_DIR}/${FRAMEWORKS_FOLDER_PATH}/Realm.framework",
				"${TARGET_BUILD_DIR}/${FRAMEWORKS_FOLDER_PATH}/RealmSwift.framework",
			);
			runOnlyForDeploymentPostprocessing = 0;
			shellPath = /bin/sh;
			shellScript = "\"${PODS_ROOT}/Target Support Files/Pods-Project18/Pods-Project18-frameworks.sh\"\n";
			showEnvVarsInLog = 0;
		};
		59780B97A744C10D0D7FE03E /* [CP] Check Pods Manifest.lock */ = {
			isa = PBXShellScriptBuildPhase;
			buildActionMask = 2147483647;
			files = (
			);
			inputFileListPaths = (
			);
			inputPaths = (
				"${PODS_PODFILE_DIR_PATH}/Podfile.lock",
				"${PODS_ROOT}/Manifest.lock",
			);
			name = "[CP] Check Pods Manifest.lock";
			outputFileListPaths = (
			);
			outputPaths = (
				"$(DERIVED_FILE_DIR)/Pods-Project18-checkManifestLockResult.txt",
			);
			runOnlyForDeploymentPostprocessing = 0;
			shellPath = /bin/sh;
			shellScript = "diff \"${PODS_PODFILE_DIR_PATH}/Podfile.lock\" \"${PODS_ROOT}/Manifest.lock\" > /dev/null\nif [ $? != 0 ] ; then\n    # print error to STDERR\n    echo \"error: The sandbox is not in sync with the Podfile.lock. Run 'pod install' or update your CocoaPods installation.\" >&2\n    exit 1\nfi\n# This output is used by Xcode 'outputs' to avoid re-running this script phase.\necho \"SUCCESS\" > \"${SCRIPT_OUTPUT_FILE_0}\"\n";
			showEnvVarsInLog = 0;
		};
/* End PBXShellScriptBuildPhase section */

/* Begin PBXSourcesBuildPhase section */
		976CC3652326AFCA00133A8C /* Sources */ = {
			isa = PBXSourcesBuildPhase;
			buildActionMask = 2147483647;
			files = (
				976CC3822326BC3000133A8C /* TasksTableViewController.swift in Sources */,
				976CC3862326BC8900133A8C /* Task.swift in Sources */,
				976CC36D2326AFCA00133A8C /* AppDelegate.swift in Sources */,
				976CC37F2326B4AC00133A8C /* User.swift in Sources */,
			);
			runOnlyForDeploymentPostprocessing = 0;
		};
/* End PBXSourcesBuildPhase section */

/* Begin PBXVariantGroup section */
		976CC3702326AFCA00133A8C /* Main.storyboard */ = {
			isa = PBXVariantGroup;
			children = (
				976CC3712326AFCA00133A8C /* Base */,
			);
			name = Main.storyboard;
			sourceTree = "<group>";
		};
		976CC3752326AFCB00133A8C /* LaunchScreen.storyboard */ = {
			isa = PBXVariantGroup;
			children = (
				976CC3762326AFCB00133A8C /* Base */,
			);
			name = LaunchScreen.storyboard;
			sourceTree = "<group>";
		};
/* End PBXVariantGroup section */

/* Begin XCBuildConfiguration section */
		976CC3792326AFCB00133A8C /* Debug */ = {
			isa = XCBuildConfiguration;
			buildSettings = {
				ALWAYS_SEARCH_USER_PATHS = NO;
				CLANG_ANALYZER_NONNULL = YES;
				CLANG_ANALYZER_NUMBER_OBJECT_CONVERSION = YES_AGGRESSIVE;
				CLANG_CXX_LANGUAGE_STANDARD = "gnu++14";
				CLANG_CXX_LIBRARY = "libc++";
				CLANG_ENABLE_MODULES = YES;
				CLANG_ENABLE_OBJC_ARC = YES;
				CLANG_ENABLE_OBJC_WEAK = YES;
				CLANG_WARN_BLOCK_CAPTURE_AUTORELEASING = YES;
				CLANG_WARN_BOOL_CONVERSION = YES;
				CLANG_WARN_COMMA = YES;
				CLANG_WARN_CONSTANT_CONVERSION = YES;
				CLANG_WARN_DEPRECATED_OBJC_IMPLEMENTATIONS = YES;
				CLANG_WARN_DIRECT_OBJC_ISA_USAGE = YES_ERROR;
				CLANG_WARN_DOCUMENTATION_COMMENTS = YES;
				CLANG_WARN_EMPTY_BODY = YES;
				CLANG_WARN_ENUM_CONVERSION = YES;
				CLANG_WARN_INFINITE_RECURSION = YES;
				CLANG_WARN_INT_CONVERSION = YES;
				CLANG_WARN_NON_LITERAL_NULL_CONVERSION = YES;
				CLANG_WARN_OBJC_IMPLICIT_RETAIN_SELF = YES;
				CLANG_WARN_OBJC_LITERAL_CONVERSION = YES;
				CLANG_WARN_OBJC_ROOT_CLASS = YES_ERROR;
				CLANG_WARN_RANGE_LOOP_ANALYSIS = YES;
				CLANG_WARN_STRICT_PROTOTYPES = YES;
				CLANG_WARN_SUSPICIOUS_MOVE = YES;
				CLANG_WARN_UNGUARDED_AVAILABILITY = YES_AGGRESSIVE;
				CLANG_WARN_UNREACHABLE_CODE = YES;
				CLANG_WARN__DUPLICATE_METHOD_MATCH = YES;
				CODE_SIGN_IDENTITY = "iPhone Developer";
				COPY_PHASE_STRIP = NO;
				DEBUG_INFORMATION_FORMAT = dwarf;
				ENABLE_STRICT_OBJC_MSGSEND = YES;
				ENABLE_TESTABILITY = YES;
				GCC_C_LANGUAGE_STANDARD = gnu11;
				GCC_DYNAMIC_NO_PIC = NO;
				GCC_NO_COMMON_BLOCKS = YES;
				GCC_OPTIMIZATION_LEVEL = 0;
				GCC_PREPROCESSOR_DEFINITIONS = (
					"DEBUG=1",
					"$(inherited)",
				);
				GCC_WARN_64_TO_32_BIT_CONVERSION = YES;
				GCC_WARN_ABOUT_RETURN_TYPE = YES_ERROR;
				GCC_WARN_UNDECLARED_SELECTOR = YES;
				GCC_WARN_UNINITIALIZED_AUTOS = YES_AGGRESSIVE;
				GCC_WARN_UNUSED_FUNCTION = YES;
				GCC_WARN_UNUSED_VARIABLE = YES;
				IPHONEOS_DEPLOYMENT_TARGET = 12.4;
				MTL_ENABLE_DEBUG_INFO = INCLUDE_SOURCE;
				MTL_FAST_MATH = YES;
				ONLY_ACTIVE_ARCH = YES;
				SDKROOT = iphoneos;
				SWIFT_ACTIVE_COMPILATION_CONDITIONS = DEBUG;
				SWIFT_OPTIMIZATION_LEVEL = "-Onone";
			};
			name = Debug;
		};
		976CC37A2326AFCB00133A8C /* Release */ = {
			isa = XCBuildConfiguration;
			buildSettings = {
				ALWAYS_SEARCH_USER_PATHS = NO;
				CLANG_ANALYZER_NONNULL = YES;
				CLANG_ANALYZER_NUMBER_OBJECT_CONVERSION = YES_AGGRESSIVE;
				CLANG_CXX_LANGUAGE_STANDARD = "gnu++14";
				CLANG_CXX_LIBRARY = "libc++";
				CLANG_ENABLE_MODULES = YES;
				CLANG_ENABLE_OBJC_ARC = YES;
				CLANG_ENABLE_OBJC_WEAK = YES;
				CLANG_WARN_BLOCK_CAPTURE_AUTORELEASING = YES;
				CLANG_WARN_BOOL_CONVERSION = YES;
				CLANG_WARN_COMMA = YES;
				CLANG_WARN_CONSTANT_CONVERSION = YES;
				CLANG_WARN_DEPRECATED_OBJC_IMPLEMENTATIONS = YES;
				CLANG_WARN_DIRECT_OBJC_ISA_USAGE = YES_ERROR;
				CLANG_WARN_DOCUMENTATION_COMMENTS = YES;
				CLANG_WARN_EMPTY_BODY = YES;
				CLANG_WARN_ENUM_CONVERSION = YES;
				CLANG_WARN_INFINITE_RECURSION = YES;
				CLANG_WARN_INT_CONVERSION = YES;
				CLANG_WARN_NON_LITERAL_NULL_CONVERSION = YES;
				CLANG_WARN_OBJC_IMPLICIT_RETAIN_SELF = YES;
				CLANG_WARN_OBJC_LITERAL_CONVERSION = YES;
				CLANG_WARN_OBJC_ROOT_CLASS = YES_ERROR;
				CLANG_WARN_RANGE_LOOP_ANALYSIS = YES;
				CLANG_WARN_STRICT_PROTOTYPES = YES;
				CLANG_WARN_SUSPICIOUS_MOVE = YES;
				CLANG_WARN_UNGUARDED_AVAILABILITY = YES_AGGRESSIVE;
				CLANG_WARN_UNREACHABLE_CODE = YES;
				CLANG_WARN__DUPLICATE_METHOD_MATCH = YES;
				CODE_SIGN_IDENTITY = "iPhone Developer";
				COPY_PHASE_STRIP = NO;
				DEBUG_INFORMATION_FORMAT = "dwarf-with-dsym";
				ENABLE_NS_ASSERTIONS = NO;
				ENABLE_STRICT_OBJC_MSGSEND = YES;
				GCC_C_LANGUAGE_STANDARD = gnu11;
				GCC_NO_COMMON_BLOCKS = YES;
				GCC_WARN_64_TO_32_BIT_CONVERSION = YES;
				GCC_WARN_ABOUT_RETURN_TYPE = YES_ERROR;
				GCC_WARN_UNDECLARED_SELECTOR = YES;
				GCC_WARN_UNINITIALIZED_AUTOS = YES_AGGRESSIVE;
				GCC_WARN_UNUSED_FUNCTION = YES;
				GCC_WARN_UNUSED_VARIABLE = YES;
				IPHONEOS_DEPLOYMENT_TARGET = 12.4;
				MTL_ENABLE_DEBUG_INFO = NO;
				MTL_FAST_MATH = YES;
				SDKROOT = iphoneos;
				SWIFT_COMPILATION_MODE = wholemodule;
				SWIFT_OPTIMIZATION_LEVEL = "-O";
				VALIDATE_PRODUCT = YES;
			};
			name = Release;
		};
		976CC37C2326AFCB00133A8C /* Debug */ = {
			isa = XCBuildConfiguration;
			baseConfigurationReference = 765FBB17056781230F54CEBF /* Pods-Project18.debug.xcconfig */;
			buildSettings = {
				ASSETCATALOG_COMPILER_APPICON_NAME = AppIcon;
				CODE_SIGN_STYLE = Automatic;
				INFOPLIST_FILE = Project18/Info.plist;
				LD_RUNPATH_SEARCH_PATHS = (
					"$(inherited)",
					"@executable_path/Frameworks",
				);
				PRODUCT_BUNDLE_IDENTIFIER = com.amo.Project18;
				PRODUCT_NAME = "$(TARGET_NAME)";
				SWIFT_VERSION = 5.0;
				TARGETED_DEVICE_FAMILY = "1,2";
			};
			name = Debug;
		};
		976CC37D2326AFCB00133A8C /* Release */ = {
			isa = XCBuildConfiguration;
			baseConfigurationReference = 318621E2F17B0EB0DAA1E95B /* Pods-Project18.release.xcconfig */;
			buildSettings = {
				ASSETCATALOG_COMPILER_APPICON_NAME = AppIcon;
				CODE_SIGN_STYLE = Automatic;
				INFOPLIST_FILE = Project18/Info.plist;
				LD_RUNPATH_SEARCH_PATHS = (
					"$(inherited)",
					"@executable_path/Frameworks",
				);
				PRODUCT_BUNDLE_IDENTIFIER = com.amo.Project18;
				PRODUCT_NAME = "$(TARGET_NAME)";
				SWIFT_VERSION = 5.0;
				TARGETED_DEVICE_FAMILY = "1,2";
			};
			name = Release;
		};
/* End XCBuildConfiguration section */

/* Begin XCConfigurationList section */
		976CC3642326AFCA00133A8C /* Build configuration list for PBXProject "Project18" */ = {
			isa = XCConfigurationList;
			buildConfigurations = (
				976CC3792326AFCB00133A8C /* Debug */,
				976CC37A2326AFCB00133A8C /* Release */,
			);
			defaultConfigurationIsVisible = 0;
			defaultConfigurationName = Release;
		};
		976CC37B2326AFCB00133A8C /* Build configuration list for PBXNativeTarget "Project18" */ = {
			isa = XCConfigurationList;
			buildConfigurations = (
				976CC37C2326AFCB00133A8C /* Debug */,
				976CC37D2326AFCB00133A8C /* Release */,
			);
			defaultConfigurationIsVisible = 0;
			defaultConfigurationName = Release;
		};
/* End XCConfigurationList section */
	};
	rootObject = 976CC3612326AFCA00133A8C /* Project object */;
}
